
Microsoft Visual Studio Solution File, Format Version 12.00
# Visual Studio Version 16
VisualStudioVersion = 16.0.32413.511
MinimumVisualStudioVersion = 10.0.40219.1
Project("{9A19103F-16F7-4668-BE54-9A1E7A4F7556}") = "Lab1_in_AI-Course", "Lab1_in_AI-Course\Lab1_in_AI-Course.csproj", "{9EBD1D02-EE32-4C98-AFF5-3DE3136A37C5}"
EndProject
Project("{FAE04EC0-301F-11D3-BF4B-00C04F79EFBC}") = "Lab2_in_AI-Course", "Lab2_in_AI-Course\Lab2_in_AI-Course.csproj", "{C82F8B03-3913-4165-A934-342D39D3D253}"
EndProject
Project("{FAE04EC0-301F-11D3-BF4B-00C04F79EFBC}") = "AI-Course_Assignments_Library", "AI-Course_Assignments_Library\AI-Course_Assignments_Library.csproj", "{BF88239B-3D65-42E3-A03D-2FB695BABCA5}"
EndProject
Global
	GlobalSection(SolutionConfigurationPlatforms) = preSolution
		Debug|Any CPU = Debug|Any CPU
		Release|Any CPU = Release|Any CPU
	EndGlobalSection
	GlobalSection(ProjectConfigurationPlatforms) = postSolution
		{9EBD1D02-EE32-4C98-AFF5-3DE3136A37C5}.Debug|Any CPU.ActiveCfg = Debug|Any CPU
		{9EBD1D02-EE32-4C98-AFF5-3DE3136A37C5}.Debug|Any CPU.Build.0 = Debug|Any CPU
		{9EBD1D02-EE32-4C98-AFF5-3DE3136A37C5}.Release|Any CPU.ActiveCfg = Release|Any CPU
		{9EBD1D02-EE32-4C98-AFF5-3DE3136A37C5}.Release|Any CPU.Build.0 = Release|Any CPU
		{C82F8B03-3913-4165-A934-342D39D3D253}.Debug|Any CPU.ActiveCfg = Debug|Any CPU
		{C82F8B03-3913-4165-A934-342D39D3D253}.Debug|Any CPU.Build.0 = Debug|Any CPU
		{C82F8B03-3913-4165-A934-342D39D3D253}.Release|Any CPU.ActiveCfg = Release|Any CPU
		{C82F8B03-3913-4165-A934-342D39D3D253}.Release|Any CPU.Build.0 = Release|Any CPU
		{BF88239B-3D65-42E3-A03D-2FB695BABCA5}.Debug|Any CPU.ActiveCfg = Debug|Any CPU
		{BF88239B-3D65-42E3-A03D-2FB695BABCA5}.Debug|Any CPU.Build.0 = Debug|Any CPU
		{BF88239B-3D65-42E3-A03D-2FB695BABCA5}.Release|Any CPU.ActiveCfg = Release|Any CPU
		{BF88239B-3D65-42E3-A03D-2FB695BABCA5}.Release|Any CPU.Build.0 = Release|Any CPU
	EndGlobalSection
	GlobalSection(SolutionProperties) = preSolution
		HideSolutionNode = FALSE
	EndGlobalSection
	GlobalSection(ExtensibilityGlobals) = postSolution
		SolutionGuid = {208312AA-B73B-4946-BA29-D11F86F3E8A0}
	EndGlobalSection
EndGlobal
